// !$*UTF8*$!
{
	archiveVersion = 1;
	classes = {
	};
	objectVersion = 56;
	objects = {

/* Begin PBXBuildFile section */
		5295813F2B8B10BA00F7C3E8 /* AppDelegate.swift in Sources */ = {isa = PBXBuildFile; fileRef = 5295813E2B8B10BA00F7C3E8 /* AppDelegate.swift */; };
		529581482B8B10BD00F7C3E8 /* Assets.xcassets in Resources */ = {isa = PBXBuildFile; fileRef = 529581472B8B10BD00F7C3E8 /* Assets.xcassets */; };
		5295814B2B8B10BD00F7C3E8 /* LaunchScreen.storyboard in Resources */ = {isa = PBXBuildFile; fileRef = 529581492B8B10BD00F7C3E8 /* LaunchScreen.storyboard */; };
		529581542B8B120500F7C3E8 /* MainVC.swift in Sources */ = {isa = PBXBuildFile; fileRef = 529581522B8B120500F7C3E8 /* MainVC.swift */; };
		529581552B8B120500F7C3E8 /* MainVC.xib in Resources */ = {isa = PBXBuildFile; fileRef = 529581532B8B120500F7C3E8 /* MainVC.xib */; };
		5295815C2B8B12AD00F7C3E8 /* BooksCVC.swift in Sources */ = {isa = PBXBuildFile; fileRef = 5295815A2B8B12AD00F7C3E8 /* BooksCVC.swift */; };
		5295815D2B8B12AD00F7C3E8 /* BooksCVC.xib in Resources */ = {isa = PBXBuildFile; fileRef = 5295815B2B8B12AD00F7C3E8 /* BooksCVC.xib */; };
		529581602B8B1A4A00F7C3E8 /* PDFReadVC.swift in Sources */ = {isa = PBXBuildFile; fileRef = 5295815E2B8B1A4A00F7C3E8 /* PDFReadVC.swift */; };
		529581612B8B1A4A00F7C3E8 /* PDFReadVC.xib in Resources */ = {isa = PBXBuildFile; fileRef = 5295815F2B8B1A4A00F7C3E8 /* PDFReadVC.xib */; };
		529581672B8B1BA300F7C3E8 /* 5-sinf biologiya.pdf in Resources */ = {isa = PBXBuildFile; fileRef = 529581662B8B1BA300F7C3E8 /* 5-sinf biologiya.pdf */; };
		529581692B8B1F0400F7C3E8 /* botanika 6.pdf in Resources */ = {isa = PBXBuildFile; fileRef = 529581682B8B1F0400F7C3E8 /* botanika 6.pdf */; };
		5295816B2B8B21D200F7C3E8 /* zoologiya 7.pdf in Resources */ = {isa = PBXBuildFile; fileRef = 5295816A2B8B21D200F7C3E8 /* zoologiya 7.pdf */; };
		5295816D2B8B21EA00F7C3E8 /* Biologiya 8.pdf in Resources */ = {isa = PBXBuildFile; fileRef = 5295816C2B8B21E900F7C3E8 /* Biologiya 8.pdf */; };
		529581702B8B223A00F7C3E8 /* BooksDM.swift in Sources */ = {isa = PBXBuildFile; fileRef = 5295816F2B8B223A00F7C3E8 /* BooksDM.swift */; };
		529581722B8B22CA00F7C3E8 /* Bilogiya 9.pdf in Resources */ = {isa = PBXBuildFile; fileRef = 529581712B8B22CA00F7C3E8 /* Bilogiya 9.pdf */; };
		529581742B8B22F800F7C3E8 /* Bilogiya 10.pdf in Resources */ = {isa = PBXBuildFile; fileRef = 529581732B8B22F800F7C3E8 /* Bilogiya 10.pdf */; };
		529581762B8B231100F7C3E8 /* Bilogiya 11.pdf in Resources */ = {isa = PBXBuildFile; fileRef = 529581752B8B231100F7C3E8 /* Bilogiya 11.pdf */; };
/* End PBXBuildFile section */

/* Begin PBXFileReference section */
		5295813B2B8B10BA00F7C3E8 /* Bilogiya.app */ = {isa = PBXFileReference; explicitFileType = wrapper.application; includeInIndex = 0; path = Bilogiya.app; sourceTree = BUILT_PRODUCTS_DIR; };
		5295813E2B8B10BA00F7C3E8 /* AppDelegate.swift */ = {isa = PBXFileReference; lastKnownFileType = sourcecode.swift; path = AppDelegate.swift; sourceTree = "<group>"; };
		529581472B8B10BD00F7C3E8 /* Assets.xcassets */ = {isa = PBXFileReference; lastKnownFileType = folder.assetcatalog; path = Assets.xcassets; sourceTree = "<group>"; };
		5295814A2B8B10BD00F7C3E8 /* Base */ = {isa = PBXFileReference; lastKnownFileType = file.storyboard; name = Base; path = Base.lproj/LaunchScreen.storyboard; sourceTree = "<group>"; };
		5295814C2B8B10BD00F7C3E8 /* Info.plist */ = {isa = PBXFileReference; lastKnownFileType = text.plist.xml; path = Info.plist; sourceTree = "<group>"; };
		529581522B8B120500F7C3E8 /* MainVC.swift */ = {isa = PBXFileReference; lastKnownFileType = sourcecode.swift; path = MainVC.swift; sourceTree = "<group>"; };
		529581532B8B120500F7C3E8 /* MainVC.xib */ = {isa = PBXFileReference; lastKnownFileType = file.xib; path = MainVC.xib; sourceTree = "<group>"; };
		5295815A2B8B12AD00F7C3E8 /* BooksCVC.swift */ = {isa = PBXFileReference; lastKnownFileType = sourcecode.swift; path = BooksCVC.swift; sourceTree = "<group>"; };
		5295815B2B8B12AD00F7C3E8 /* BooksCVC.xib */ = {isa = PBXFileReference; lastKnownFileType = file.xib; path = BooksCVC.xib; sourceTree = "<group>"; };
		5295815E2B8B1A4A00F7C3E8 /* PDFReadVC.swift */ = {isa = PBXFileReference; lastKnownFileType = sourcecode.swift; path = PDFReadVC.swift; sourceTree = "<group>"; };
		5295815F2B8B1A4A00F7C3E8 /* PDFReadVC.xib */ = {isa = PBXFileReference; lastKnownFileType = file.xib; path = PDFReadVC.xib; sourceTree = "<group>"; };
		529581662B8B1BA300F7C3E8 /* 5-sinf biologiya.pdf */ = {isa = PBXFileReference; lastKnownFileType = image.pdf; path = "5-sinf biologiya.pdf"; sourceTree = "<group>"; };
		529581682B8B1F0400F7C3E8 /* botanika 6.pdf */ = {isa = PBXFileReference; lastKnownFileType = image.pdf; path = "botanika 6.pdf"; sourceTree = "<group>"; };
		5295816A2B8B21D200F7C3E8 /* zoologiya 7.pdf */ = {isa = PBXFileReference; lastKnownFileType = image.pdf; path = "zoologiya 7.pdf"; sourceTree = "<group>"; };
		5295816C2B8B21E900F7C3E8 /* Biologiya 8.pdf */ = {isa = PBXFileReference; lastKnownFileType = image.pdf; path = "Biologiya 8.pdf"; sourceTree = "<group>"; };
		5295816F2B8B223A00F7C3E8 /* BooksDM.swift */ = {isa = PBXFileReference; lastKnownFileType = sourcecode.swift; path = BooksDM.swift; sourceTree = "<group>"; };
		529581712B8B22CA00F7C3E8 /* Bilogiya 9.pdf */ = {isa = PBXFileReference; lastKnownFileType = image.pdf; path = "Bilogiya 9.pdf"; sourceTree = "<group>"; };
		529581732B8B22F800F7C3E8 /* Bilogiya 10.pdf */ = {isa = PBXFileReference; lastKnownFileType = image.pdf; path = "Bilogiya 10.pdf"; sourceTree = "<group>"; };
		529581752B8B231100F7C3E8 /* Bilogiya 11.pdf */ = {isa = PBXFileReference; lastKnownFileType = image.pdf; path = "Bilogiya 11.pdf"; sourceTree = "<group>"; };
/* End PBXFileReference section */

/* Begin PBXFrameworksBuildPhase section */
		529581382B8B10BA00F7C3E8 /* Frameworks */ = {
			isa = PBXFrameworksBuildPhase;
			buildActionMask = 2147483647;
			files = (
			);
			runOnlyForDeploymentPostprocessing = 0;
		};
/* End PBXFrameworksBuildPhase section */

/* Begin PBXGroup section */
		529581322B8B10BA00F7C3E8 = {
			isa = PBXGroup;
			children = (
				5295813D2B8B10BA00F7C3E8 /* Bilogiya */,
				5295813C2B8B10BA00F7C3E8 /* Products */,
			);
			sourceTree = "<group>";
		};
		5295813C2B8B10BA00F7C3E8 /* Products */ = {
			isa = PBXGroup;
			children = (
				5295813B2B8B10BA00F7C3E8 /* Bilogiya.app */,
			);
			name = Products;
			sourceTree = "<group>";
		};
		5295813D2B8B10BA00F7C3E8 /* Bilogiya */ = {
			isa = PBXGroup;
			children = (
				5295813E2B8B10BA00F7C3E8 /* AppDelegate.swift */,
				5295816E2B8B222C00F7C3E8 /* Model */,
				529581642B8B1B7A00F7C3E8 /* Main */,
				529581652B8B1B8D00F7C3E8 /* Cell */,
				529581632B8B1B6B00F7C3E8 /* PDFRead */,
				529581622B8B1B6400F7C3E8 /* Books */,
				529581472B8B10BD00F7C3E8 /* Assets.xcassets */,
				529581492B8B10BD00F7C3E8 /* LaunchScreen.storyboard */,
				5295814C2B8B10BD00F7C3E8 /* Info.plist */,
			);
			path = Bilogiya;
			sourceTree = "<group>";
		};
		529581622B8B1B6400F7C3E8 /* Books */ = {
			isa = PBXGroup;
			children = (
				529581662B8B1BA300F7C3E8 /* 5-sinf biologiya.pdf */,
				529581682B8B1F0400F7C3E8 /* botanika 6.pdf */,
				5295816A2B8B21D200F7C3E8 /* zoologiya 7.pdf */,
				5295816C2B8B21E900F7C3E8 /* Biologiya 8.pdf */,
				529581712B8B22CA00F7C3E8 /* Bilogiya 9.pdf */,
				529581732B8B22F800F7C3E8 /* Bilogiya 10.pdf */,
				529581752B8B231100F7C3E8 /* Bilogiya 11.pdf */,
			);
			path = Books;
			sourceTree = "<group>";
		};
		529581632B8B1B6B00F7C3E8 /* PDFRead */ = {
			isa = PBXGroup;
			children = (
				5295815E2B8B1A4A00F7C3E8 /* PDFReadVC.swift */,
				5295815F2B8B1A4A00F7C3E8 /* PDFReadVC.xib */,
			);
			path = PDFRead;
			sourceTree = "<group>";
		};
		529581642B8B1B7A00F7C3E8 /* Main */ = {
			isa = PBXGroup;
			children = (
				529581522B8B120500F7C3E8 /* MainVC.swift */,
				529581532B8B120500F7C3E8 /* MainVC.xib */,
			);
			path = Main;
			sourceTree = "<group>";
		};
		529581652B8B1B8D00F7C3E8 /* Cell */ = {
			isa = PBXGroup;
			children = (
				5295815A2B8B12AD00F7C3E8 /* BooksCVC.swift */,
				5295815B2B8B12AD00F7C3E8 /* BooksCVC.xib */,
			);
			path = Cell;
			sourceTree = "<group>";
		};
		5295816E2B8B222C00F7C3E8 /* Model */ = {
			isa = PBXGroup;
			children = (
				5295816F2B8B223A00F7C3E8 /* BooksDM.swift */,
			);
			path = Model;
			sourceTree = "<group>";
		};
/* End PBXGroup section */

/* Begin PBXNativeTarget section */
		5295813A2B8B10BA00F7C3E8 /* Bilogiya */ = {
			isa = PBXNativeTarget;
			buildConfigurationList = 5295814F2B8B10BD00F7C3E8 /* Build configuration list for PBXNativeTarget "Bilogiya" */;
			buildPhases = (
				529581372B8B10BA00F7C3E8 /* Sources */,
				529581382B8B10BA00F7C3E8 /* Frameworks */,
				529581392B8B10BA00F7C3E8 /* Resources */,
			);
			buildRules = (
			);
			dependencies = (
			);
			name = Bilogiya;
			packageProductDependencies = (
			);
			productName = Bilogiya;
			productReference = 5295813B2B8B10BA00F7C3E8 /* Bilogiya.app */;
			productType = "com.apple.product-type.application";
		};
/* End PBXNativeTarget section */

/* Begin PBXProject section */
		529581332B8B10BA00F7C3E8 /* Project object */ = {
			isa = PBXProject;
			attributes = {
				BuildIndependentTargetsInParallel = 1;
				LastSwiftUpdateCheck = 1520;
				LastUpgradeCheck = 1520;
				TargetAttributes = {
					5295813A2B8B10BA00F7C3E8 = {
						CreatedOnToolsVersion = 15.2;
					};
				};
			};
			buildConfigurationList = 529581362B8B10BA00F7C3E8 /* Build configuration list for PBXProject "Bilogiya" */;
			compatibilityVersion = "Xcode 14.0";
			developmentRegion = en;
			hasScannedForEncodings = 0;
			knownRegions = (
				en,
				Base,
			);
			mainGroup = 529581322B8B10BA00F7C3E8;
			packageReferences = (
			);
			productRefGroup = 5295813C2B8B10BA00F7C3E8 /* Products */;
			projectDirPath = "";
			projectRoot = "";
			targets = (
				5295813A2B8B10BA00F7C3E8 /* Bilogiya */,
			);
		};
/* End PBXProject section */

/* Begin PBXResourcesBuildPhase section */
		529581392B8B10BA00F7C3E8 /* Resources */ = {
			isa = PBXResourcesBuildPhase;
			buildActionMask = 2147483647;
			files = (
				529581552B8B120500F7C3E8 /* MainVC.xib in Resources */,
				529581692B8B1F0400F7C3E8 /* botanika 6.pdf in Resources */,
				5295814B2B8B10BD00F7C3E8 /* LaunchScreen.storyboard in Resources */,
				529581612B8B1A4A00F7C3E8 /* PDFReadVC.xib in Resources */,
				5295816D2B8B21EA00F7C3E8 /* Biologiya 8.pdf in Resources */,
				529581672B8B1BA300F7C3E8 /* 5-sinf biologiya.pdf in Resources */,
				529581482B8B10BD00F7C3E8 /* Assets.xcassets in Resources */,
				5295816B2B8B21D200F7C3E8 /* zoologiya 7.pdf in Resources */,
				529581762B8B231100F7C3E8 /* Bilogiya 11.pdf in Resources */,
				529581722B8B22CA00F7C3E8 /* Bilogiya 9.pdf in Resources */,
				5295815D2B8B12AD00F7C3E8 /* BooksCVC.xib in Resources */,
				529581742B8B22F800F7C3E8 /* Bilogiya 10.pdf in Resources */,
			);
			runOnlyForDeploymentPostprocessing = 0;
		};
/* End PBXResourcesBuildPhase section */

/* Begin PBXSourcesBuildPhase section */
		529581372B8B10BA00F7C3E8 /* Sources */ = {
			isa = PBXSourcesBuildPhase;
			buildActionMask = 2147483647;
			files = (
				5295813F2B8B10BA00F7C3E8 /* AppDelegate.swift in Sources */,
				529581602B8B1A4A00F7C3E8 /* PDFReadVC.swift in Sources */,
				529581702B8B223A00F7C3E8 /* BooksDM.swift in Sources */,
				529581542B8B120500F7C3E8 /* MainVC.swift in Sources */,
				5295815C2B8B12AD00F7C3E8 /* BooksCVC.swift in Sources */,
			);
			runOnlyForDeploymentPostprocessing = 0;
		};
/* End PBXSourcesBuildPhase section */

/* Begin PBXVariantGroup section */
		529581492B8B10BD00F7C3E8 /* LaunchScreen.storyboard */ = {
			isa = PBXVariantGroup;
			children = (
				5295814A2B8B10BD00F7C3E8 /* Base */,
			);
			name = LaunchScreen.storyboard;
			sourceTree = "<group>";
		};
/* End PBXVariantGroup section */

/* Begin XCBuildConfiguration section */
		5295814D2B8B10BD00F7C3E8 /* Debug */ = {
			isa = XCBuildConfiguration;
			buildSettings = {
				ALWAYS_SEARCH_USER_PATHS = NO;
				ASSETCATALOG_COMPILER_GENERATE_SWIFT_ASSET_SYMBOL_EXTENSIONS = YES;
				CLANG_ANALYZER_NONNULL = YES;
				CLANG_ANALYZER_NUMBER_OBJECT_CONVERSION = YES_AGGRESSIVE;
				CLANG_CXX_LANGUAGE_STANDARD = "gnu++20";
				CLANG_ENABLE_MODULES = YES;
				CLANG_ENABLE_OBJC_ARC = YES;
				CLANG_ENABLE_OBJC_WEAK = YES;
				CLANG_WARN_BLOCK_CAPTURE_AUTORELEASING = YES;
				CLANG_WARN_BOOL_CONVERSION = YES;
				CLANG_WARN_COMMA = YES;
				CLANG_WARN_CONSTANT_CONVERSION = YES;
				CLANG_WARN_DEPRECATED_OBJC_IMPLEMENTATIONS = YES;
				CLANG_WARN_DIRECT_OBJC_ISA_USAGE = YES_ERROR;
				CLANG_WARN_DOCUMENTATION_COMMENTS = YES;
				CLANG_WARN_EMPTY_BODY = YES;
				CLANG_WARN_ENUM_CONVERSION = YES;
				CLANG_WARN_INFINITE_RECURSION = YES;
				CLANG_WARN_INT_CONVERSION = YES;
				CLANG_WARN_NON_LITERAL_NULL_CONVERSION = YES;
				CLANG_WARN_OBJC_IMPLICIT_RETAIN_SELF = YES;
				CLANG_WARN_OBJC_LITERAL_CONVERSION = YES;
				CLANG_WARN_OBJC_ROOT_CLASS = YES_ERROR;
				CLANG_WARN_QUOTED_INCLUDE_IN_FRAMEWORK_HEADER = YES;
				CLANG_WARN_RANGE_LOOP_ANALYSIS = YES;
				CLANG_WARN_STRICT_PROTOTYPES = YES;
				CLANG_WARN_SUSPICIOUS_MOVE = YES;
				CLANG_WARN_UNGUARDED_AVAILABILITY = YES_AGGRESSIVE;
				CLANG_WARN_UNREACHABLE_CODE = YES;
				CLANG_WARN__DUPLICATE_METHOD_MATCH = YES;
				COPY_PHASE_STRIP = NO;
				DEBUG_INFORMATION_FORMAT = dwarf;
				ENABLE_STRICT_OBJC_MSGSEND = YES;
				ENABLE_TESTABILITY = YES;
				ENABLE_USER_SCRIPT_SANDBOXING = YES;
				GCC_C_LANGUAGE_STANDARD = gnu17;
				GCC_DYNAMIC_NO_PIC = NO;
				GCC_NO_COMMON_BLOCKS = YES;
				GCC_OPTIMIZATION_LEVEL = 0;
				GCC_PREPROCESSOR_DEFINITIONS = (
					"DEBUG=1",
					"$(inherited)",
				);
				GCC_WARN_64_TO_32_BIT_CONVERSION = YES;
				GCC_WARN_ABOUT_RETURN_TYPE = YES_ERROR;
				GCC_WARN_UNDECLARED_SELECTOR = YES;
				GCC_WARN_UNINITIALIZED_AUTOS = YES_AGGRESSIVE;
				GCC_WARN_UNUSED_FUNCTION = YES;
				GCC_WARN_UNUSED_VARIABLE = YES;
				IPHONEOS_DEPLOYMENT_TARGET = 17.2;
				LOCALIZATION_PREFERS_STRING_CATALOGS = YES;
				MTL_ENABLE_DEBUG_INFO = INCLUDE_SOURCE;
				MTL_FAST_MATH = YES;
				ONLY_ACTIVE_ARCH = YES;
				SDKROOT = iphoneos;
				SWIFT_ACTIVE_COMPILATION_CONDITIONS = "DEBUG $(inherited)";
				SWIFT_OPTIMIZATION_LEVEL = "-Onone";
			};
			name = Debug;
		};
		5295814E2B8B10BD00F7C3E8 /* Release */ = {
			isa = XCBuildConfiguration;
			buildSettings = {
				ALWAYS_SEARCH_USER_PATHS = NO;
				ASSETCATALOG_COMPILER_GENERATE_SWIFT_ASSET_SYMBOL_EXTENSIONS = YES;
				CLANG_ANALYZER_NONNULL = YES;
				CLANG_ANALYZER_NUMBER_OBJECT_CONVERSION = YES_AGGRESSIVE;
				CLANG_CXX_LANGUAGE_STANDARD = "gnu++20";
				CLANG_ENABLE_MODULES = YES;
				CLANG_ENABLE_OBJC_ARC = YES;
				CLANG_ENABLE_OBJC_WEAK = YES;
				CLANG_WARN_BLOCK_CAPTURE_AUTORELEASING = YES;
				CLANG_WARN_BOOL_CONVERSION = YES;
				CLANG_WARN_COMMA = YES;
				CLANG_WARN_CONSTANT_CONVERSION = YES;
				CLANG_WARN_DEPRECATED_OBJC_IMPLEMENTATIONS = YES;
				CLANG_WARN_DIRECT_OBJC_ISA_USAGE = YES_ERROR;
				CLANG_WARN_DOCUMENTATION_COMMENTS = YES;
				CLANG_WARN_EMPTY_BODY = YES;
				CLANG_WARN_ENUM_CONVERSION = YES;
				CLANG_WARN_INFINITE_RECURSION = YES;
				CLANG_WARN_INT_CONVERSION = YES;
				CLANG_WARN_NON_LITERAL_NULL_CONVERSION = YES;
				CLANG_WARN_OBJC_IMPLICIT_RETAIN_SELF = YES;
				CLANG_WARN_OBJC_LITERAL_CONVERSION = YES;
				CLANG_WARN_OBJC_ROOT_CLASS = YES_ERROR;
				CLANG_WARN_QUOTED_INCLUDE_IN_FRAMEWORK_HEADER = YES;
				CLANG_WARN_RANGE_LOOP_ANALYSIS = YES;
				CLANG_WARN_STRICT_PROTOTYPES = YES;
				CLANG_WARN_SUSPICIOUS_MOVE = YES;
				CLANG_WARN_UNGUARDED_AVAILABILITY = YES_AGGRESSIVE;
				CLANG_WARN_UNREACHABLE_CODE = YES;
				CLANG_WARN__DUPLICATE_METHOD_MATCH = YES;
				COPY_PHASE_STRIP = NO;
				DEBUG_INFORMATION_FORMAT = "dwarf-with-dsym";
				ENABLE_NS_ASSERTIONS = NO;
				ENABLE_STRICT_OBJC_MSGSEND = YES;
				ENABLE_USER_SCRIPT_SANDBOXING = YES;
				GCC_C_LANGUAGE_STANDARD = gnu17;
				GCC_NO_COMMON_BLOCKS = YES;
				GCC_WARN_64_TO_32_BIT_CONVERSION = YES;
				GCC_WARN_ABOUT_RETURN_TYPE = YES_ERROR;
				GCC_WARN_UNDECLARED_SELECTOR = YES;
				GCC_WARN_UNINITIALIZED_AUTOS = YES_AGGRESSIVE;
				GCC_WARN_UNUSED_FUNCTION = YES;
				GCC_WARN_UNUSED_VARIABLE = YES;
				IPHONEOS_DEPLOYMENT_TARGET = 17.2;
				LOCALIZATION_PREFERS_STRING_CATALOGS = YES;
				MTL_ENABLE_DEBUG_INFO = NO;
				MTL_FAST_MATH = YES;
				SDKROOT = iphoneos;
				SWIFT_COMPILATION_MODE = wholemodule;
				VALIDATE_PRODUCT = YES;
			};
			name = Release;
		};
		529581502B8B10BD00F7C3E8 /* Debug */ = {
			isa = XCBuildConfiguration;
			buildSettings = {
				ASSETCATALOG_COMPILER_APPICON_NAME = AppIcon;
				ASSETCATALOG_COMPILER_GLOBAL_ACCENT_COLOR_NAME = AccentColor;
				CODE_SIGN_STYLE = Automatic;
				CURRENT_PROJECT_VERSION = 1;
				DEVELOPMENT_TEAM = Q62DRQKB69;
				GENERATE_INFOPLIST_FILE = YES;
				INFOPLIST_FILE = Bilogiya/Info.plist;
				INFOPLIST_KEY_UIApplicationSupportsIndirectInputEvents = YES;
				INFOPLIST_KEY_UILaunchStoryboardName = LaunchScreen;
				INFOPLIST_KEY_UISupportedInterfaceOrientations_iPad = "UIInterfaceOrientationPortrait UIInterfaceOrientationPortraitUpsideDown UIInterfaceOrientationLandscapeLeft UIInterfaceOrientationLandscapeRight";
				INFOPLIST_KEY_UISupportedInterfaceOrientations_iPhone = "UIInterfaceOrientationPortrait UIInterfaceOrientationLandscapeLeft UIInterfaceOrientationLandscapeRight";
				IPHONEOS_DEPLOYMENT_TARGET = 12.0;
				LD_RUNPATH_SEARCH_PATHS = (
					"$(inherited)",
					"@executable_path/Frameworks",
				);
				MARKETING_VERSION = 1.0;
				PRODUCT_BUNDLE_IDENTIFIER = "qudratsafarov-icloud.com.Bilogiya";
				PRODUCT_NAME = "$(TARGET_NAME)";
				SWIFT_EMIT_LOC_STRINGS = YES;
				SWIFT_VERSION = 5.0;
				TARGETED_DEVICE_FAMILY = "1,2";
			};
			name = Debug;
		};
		529581512B8B10BD00F7C3E8 /* Release */ = {
			isa = XCBuildConfiguration;
			buildSettings = {
				ASSETCATALOG_COMPILER_APPICON_NAME = AppIcon;
				ASSETCATALOG_COMPILER_GLOBAL_ACCENT_COLOR_NAME = AccentColor;
				CODE_SIGN_STYLE = Automatic;
				CURRENT_PROJECT_VERSION = 1;
				DEVELOPMENT_TEAM = Q62DRQKB69;
				GENERATE_INFOPLIST_FILE = YES;
				INFOPLIST_FILE = Bilogiya/Info.plist;
				INFOPLIST_KEY_UIApplicationSupportsIndirectInputEvents = YES;
				INFOPLIST_KEY_UILaunchStoryboardName = LaunchScreen;
				INFOPLIST_KEY_UISupportedInterfaceOrientations_iPad = "UIInterfaceOrientationPortrait UIInterfaceOrientationPortraitUpsideDown UIInterfaceOrientationLandscapeLeft UIInterfaceOrientationLandscapeRight";
				INFOPLIST_KEY_UISupportedInterfaceOrientations_iPhone = "UIInterfaceOrientationPortrait UIInterfaceOrientationLandscapeLeft UIInterfaceOrientationLandscapeRight";
				IPHONEOS_DEPLOYMENT_TARGET = 12.0;
				LD_RUNPATH_SEARCH_PATHS = (
					"$(inherited)",
					"@executable_path/Frameworks",
				);
				MARKETING_VERSION = 1.0;
				PRODUCT_BUNDLE_IDENTIFIER = "qudratsafarov-icloud.com.Bilogiya";
				PRODUCT_NAME = "$(TARGET_NAME)";
				SWIFT_EMIT_LOC_STRINGS = YES;
				SWIFT_VERSION = 5.0;
				TARGETED_DEVICE_FAMILY = "1,2";
			};
			name = Release;
		};
/* End XCBuildConfiguration section */

/* Begin XCConfigurationList section */
		529581362B8B10BA00F7C3E8 /* Build configuration list for PBXProject "Bilogiya" */ = {
			isa = XCConfigurationList;
			buildConfigurations = (
				5295814D2B8B10BD00F7C3E8 /* Debug */,
				5295814E2B8B10BD00F7C3E8 /* Release */,
			);
			defaultConfigurationIsVisible = 0;
			defaultConfigurationName = Release;
		};
		5295814F2B8B10BD00F7C3E8 /* Build configuration list for PBXNativeTarget "Bilogiya" */ = {
			isa = XCConfigurationList;
			buildConfigurations = (
				529581502B8B10BD00F7C3E8 /* Debug */,
				529581512B8B10BD00F7C3E8 /* Release */,
			);
			defaultConfigurationIsVisible = 0;
			defaultConfigurationName = Release;
		};
/* End XCConfigurationList section */
	};
	rootObject = 529581332B8B10BA00F7C3E8 /* Project object */;
}
